{
	"name": "@duncan3142/devcontainer",
	"lockfileVersion": 3,
	"requires": true,
	"packages": {
		"": {
			"name": "@duncan3142/devcontainer",
			"license": "AGPL-3.0-only",
			"devDependencies": {
				"@duncan3142/prettier-config": "^0.1.10",
				"prettier": "^3.6.2"
			},
			"engines": {
				"node": ">=24",
				"npm": ">=11"
			}
		},
		"node_modules/@duncan3142/prettier-config": {
			"version": "0.1.10",
			"resolved": "https://npm.pkg.github.com/download/@duncan3142/prettier-config/0.1.10/07f7e5cb6f54d912dc5dc2b7f20fd20eff05c987",
			"integrity": "sha512-K0y26dZWJGcHkTpD+nfxgLloRLxrS0mV8jO34mgO/xCQMXszhTr41OXGP8KZ43hvWeA9cfGpQJnmJUZGIqB+BQ==",
			"dev": true,
			"license": "LGPL-3.0-or-later",
			"engines": {
				"node": ">=22",
				"npm": ">=11"
			},
			"peerDependencies": {
				"prettier": "^3.6.2"
			}
		},
		"node_modules/prettier": {
			"version": "3.6.2",
			"resolved": "https://registry.npmjs.org/prettier/-/prettier-3.6.2.tgz",
			"integrity": "sha512-I7AIg5boAr5R0FFtJ6rCfD+LFsWHp81dolrFD8S79U9tb8Az2nGrJncnMSnys+bpQJfRUzqs9hnA81OAA3hCuQ==",
			"dev": true,
			"license": "MIT",
			"peer": true,
			"bin": {
				"prettier": "bin/prettier.cjs"
			},
			"engines": {
				"node": ">=14"
			},
			"funding": {
				"url": "https://github.com/prettier/prettier?sponsor=1"
			}
		}
	}
}
